
Microsoft Visual Studio Solution File, Format Version 12.00
# Visual Studio Version 17
VisualStudioVersion = 17.5.002.0
MinimumVisualStudioVersion = 10.0.40219.1
Project("{9A19103F-16F7-4668-BE54-9A1E7A4F7556}") = "openThisFolder", "openThisFolder.csproj", "{D60E0D81-783E-4443-ACE2-0540C8AFEB2A}"
EndProject
Global
	GlobalSection(SolutionConfigurationPlatforms) = preSolution
		Debug|Any CPU = Debug|Any CPU
		Release|Any CPU = Release|Any CPU
	EndGlobalSection
	GlobalSection(ProjectConfigurationPlatforms) = postSolution
		{D60E0D81-783E-4443-ACE2-0540C8AFEB2A}.Debug|Any CPU.ActiveCfg = Debug|Any CPU
		{D60E0D81-783E-4443-ACE2-0540C8AFEB2A}.Debug|Any CPU.Build.0 = Debug|Any CPU
		{D60E0D81-783E-4443-ACE2-0540C8AFEB2A}.Release|Any CPU.ActiveCfg = Release|Any CPU
		{D60E0D81-783E-4443-ACE2-0540C8AFEB2A}.Release|Any CPU.Build.0 = Release|Any CPU
	EndGlobalSection
	GlobalSection(SolutionProperties) = preSolution
		HideSolutionNode = FALSE
	EndGlobalSection
	GlobalSection(ExtensibilityGlobals) = postSolution
		SolutionGuid = {04C8B0D8-6A22-425F-904E-3CA34CCAE2F4}
	EndGlobalSection
EndGlobal
